<?xml version="1.0" encoding="utf-8"?>
<Project ToolsVersion="4.0" xmlns="http://schemas.microsoft.com/developer/msbuild/2003">
  <ItemGroup>
    <Filter Include="Source Files">
      <UniqueIdentifier>{4FC737F1-C7A5-4376-A066-2A32D752A2FF}</UniqueIdentifier>
      <Extensions>cpp;c;cc;cxx;def;odl;idl;hpj;bat;asm;asmx</Extensions>
    </Filter>
    <Filter Include="Header Files">
      <UniqueIdentifier>{93995380-89BD-4b04-88EB-625FBE52EBFB}</UniqueIdentifier>
      <Extensions>h;hh;hpp;hxx;hm;inl;inc;xsd</Extensions>
    </Filter>
    <Filter Include="Resource Files">
      <UniqueIdentifier>{D9D6E242-F8AF-46E4-B9FD-80ECBC20BA3E}</UniqueIdentifier>
      <Extensions>qrc;*</Extensions>
      <ParseFiles>false</ParseFiles>
    </Filter>
    <Filter Include="Form Files">
      <UniqueIdentifier>{99349809-55BA-4b9d-BF79-8FDBB0286EB3}</UniqueIdentifier>
      <Extensions>ui</Extensions>
    </Filter>
    <Filter Include="Resource Files">
      <UniqueIdentifier>{D9D6E242-F8AF-46E4-B9FD-80ECBC20BA3E}</UniqueIdentifier>
      <Extensions>qrc;*</Extensions>
      <ParseFiles>false</ParseFiles>
    </Filter>
    <Filter Include="Generated Files">
      <UniqueIdentifier>{71ED8ED8-ACB9-4CE9-BBE1-E00B30144E11}</UniqueIdentifier>
      <Extensions>moc;h;cpp</Extensions>
      <SourceControlFiles>False</SourceControlFiles>
    </Filter>
  </ItemGroup>
  <ItemGroup>
    <ClCompile Include="main.cpp">
      <Filter>Source Files</Filter>
    </ClCompile>
    <ClCompile Include="Multimedia_Project.cpp">
      <Filter>Source Files</Filter>
    </ClCompile>
    <ClCompile Include="Dilatation.cpp">
      <Filter>Source Files</Filter>
    </ClCompile>
    <ClCompile Include="Resize.cpp">
      <Filter>Source Files</Filter>
    </ClCompile>
    <ClCompile Include="Lighten.cpp">
      <Filter>Source Files</Filter>
    </ClCompile>
    <ClCompile Include="Canny.cpp">
      <Filter>Source Files</Filter>
    </ClCompile>
    <ClCompile Include="Panorama.cpp">
      <Filter>Source Files</Filter>
    </ClCompile>
    <ClCompile Include="Erosion.cpp">
      <Filter>Source Files</Filter>
    </ClCompile>
  </ItemGroup>
  <ItemGroup>
    <QtMoc Include="Multimedia_Project.h">
      <Filter>Header Files</Filter>
    </QtMoc>
    <QtMoc Include="Dilatation.h">
      <Filter>Header Files</Filter>
    </QtMoc>
    <QtMoc Include="Resize.h">
      <Filter>Header Files</Filter>
    </QtMoc>
    <QtMoc Include="Lighten.h">
      <Filter>Header Files</Filter>
    </QtMoc>
    <QtMoc Include="Canny.h">
      <Filter>Header Files</Filter>
    </QtMoc>
    <QtMoc Include="Panorama.h">
      <Filter>Header Files</Filter>
    </QtMoc>
    <QtMoc Include="Erosion.h">
      <Filter>Header Files</Filter>
    </QtMoc>
  </ItemGroup>
  <ItemGroup>
    <QtUic Include="Multimedia_Project.ui">
      <Filter>Form Files</Filter>
    </QtUic>
    <QtUic Include="Dilatation.ui">
      <Filter>Form Files</Filter>
    </QtUic>
    <QtUic Include="Resize.ui">
      <Filter>Form Files</Filter>
    </QtUic>
    <QtUic Include="Canny.ui">
      <Filter>Form Files</Filter>
    </QtUic>
    <QtUic Include="Lighten.ui">
      <Filter>Form Files</Filter>
    </QtUic>
    <QtUic Include="Panorama.ui">
      <Filter>Form Files</Filter>
    </QtUic>
    <QtUic Include="Erosion.ui">
      <Filter>Form Files</Filter>
    </QtUic>
  </ItemGroup>
  <ItemGroup>
    <QtRcc Include="Multimedia_Project.qrc">
      <Filter>Resource Files</Filter>
    </QtRcc>
  </ItemGroup>
</Project>